// !$*UTF8*$!
{
	archiveVersion = 1;
	classes = {
	};
	objectVersion = 46;
	objects = {

/* Begin PBXBuildFile section */
		490505A41C1C797400EB34D3 /* WeatherViewController.swift in Sources */ = {isa = PBXBuildFile; fileRef = 490505A31C1C797400EB34D3 /* WeatherViewController.swift */; };
		490505A61C1C849F00EB34D3 /* DrowingButton.swift in Sources */ = {isa = PBXBuildFile; fileRef = 490505A51C1C849F00EB34D3 /* DrowingButton.swift */; };
		49EB50641C19F70600B081B6 /* AppDelegate.swift in Sources */ = {isa = PBXBuildFile; fileRef = 49EB50631C19F70600B081B6 /* AppDelegate.swift */; };
		49EB50661C19F70600B081B6 /* ViewController.swift in Sources */ = {isa = PBXBuildFile; fileRef = 49EB50651C19F70600B081B6 /* ViewController.swift */; };
		49EB50691C19F70700B081B6 /* Main.storyboard in Resources */ = {isa = PBXBuildFile; fileRef = 49EB50671C19F70700B081B6 /* Main.storyboard */; };
		49EB506C1C19F70700B081B6 /* MyWeather.xcdatamodeld in Sources */ = {isa = PBXBuildFile; fileRef = 49EB506A1C19F70700B081B6 /* MyWeather.xcdatamodeld */; };
		49EB506E1C19F70800B081B6 /* Assets.xcassets in Resources */ = {isa = PBXBuildFile; fileRef = 49EB506D1C19F70800B081B6 /* Assets.xcassets */; };
		49EB50711C19F70800B081B6 /* LaunchScreen.storyboard in Resources */ = {isa = PBXBuildFile; fileRef = 49EB506F1C19F70800B081B6 /* LaunchScreen.storyboard */; };
		49EB50791C19F84700B081B6 /* Alamofire.framework in Frameworks */ = {isa = PBXBuildFile; fileRef = 49EB50781C19F84700B081B6 /* Alamofire.framework */; };
		49EB507B1C19F84C00B081B6 /* SwiftyJSON.framework in Frameworks */ = {isa = PBXBuildFile; fileRef = 49EB507A1C19F84C00B081B6 /* SwiftyJSON.framework */; };
		49EB507E1C1A0EC000B081B6 /* WeatherDataSource.swift in Sources */ = {isa = PBXBuildFile; fileRef = 49EB507D1C1A0EC000B081B6 /* WeatherDataSource.swift */; };
		49EB50801C1A247700B081B6 /* WeatherStruct.swift in Sources */ = {isa = PBXBuildFile; fileRef = 49EB507F1C1A247600B081B6 /* WeatherStruct.swift */; };
		D62E560112EC7D5B592A811C /* Pods_MyWeather.framework in Frameworks */ = {isa = PBXBuildFile; fileRef = 7EC8C0946C46487FCD5AED07 /* Pods_MyWeather.framework */; };
/* End PBXBuildFile section */

/* Begin PBXFileReference section */
		490505A31C1C797400EB34D3 /* WeatherViewController.swift */ = {isa = PBXFileReference; fileEncoding = 4; lastKnownFileType = sourcecode.swift; path = WeatherViewController.swift; sourceTree = "<group>"; };
		490505A51C1C849F00EB34D3 /* DrowingButton.swift */ = {isa = PBXFileReference; fileEncoding = 4; lastKnownFileType = sourcecode.swift; path = DrowingButton.swift; sourceTree = "<group>"; };
		49EB50601C19F70600B081B6 /* MyWeather.app */ = {isa = PBXFileReference; explicitFileType = wrapper.application; includeInIndex = 0; path = MyWeather.app; sourceTree = BUILT_PRODUCTS_DIR; };
		49EB50631C19F70600B081B6 /* AppDelegate.swift */ = {isa = PBXFileReference; lastKnownFileType = sourcecode.swift; path = AppDelegate.swift; sourceTree = "<group>"; };
		49EB50651C19F70600B081B6 /* ViewController.swift */ = {isa = PBXFileReference; lastKnownFileType = sourcecode.swift; path = ViewController.swift; sourceTree = "<group>"; };
		49EB50681C19F70700B081B6 /* Base */ = {isa = PBXFileReference; lastKnownFileType = file.storyboard; name = Base; path = Base.lproj/Main.storyboard; sourceTree = "<group>"; };
		49EB506B1C19F70700B081B6 /* MyWeather.xcdatamodel */ = {isa = PBXFileReference; lastKnownFileType = wrapper.xcdatamodel; path = MyWeather.xcdatamodel; sourceTree = "<group>"; };
		49EB506D1C19F70800B081B6 /* Assets.xcassets */ = {isa = PBXFileReference; lastKnownFileType = folder.assetcatalog; path = Assets.xcassets; sourceTree = "<group>"; };
		49EB50701C19F70800B081B6 /* Base */ = {isa = PBXFileReference; lastKnownFileType = file.storyboard; name = Base; path = Base.lproj/LaunchScreen.storyboard; sourceTree = "<group>"; };
		49EB50721C19F70800B081B6 /* Info.plist */ = {isa = PBXFileReference; lastKnownFileType = text.plist.xml; path = Info.plist; sourceTree = "<group>"; };
		49EB50781C19F84700B081B6 /* Alamofire.framework */ = {isa = PBXFileReference; lastKnownFileType = wrapper.framework; name = Alamofire.framework; path = "Pods/../build/Debug-iphoneos/Alamofire.framework"; sourceTree = "<group>"; };
		49EB507A1C19F84C00B081B6 /* SwiftyJSON.framework */ = {isa = PBXFileReference; lastKnownFileType = wrapper.framework; name = SwiftyJSON.framework; path = "Pods/../build/Debug-iphoneos/SwiftyJSON.framework"; sourceTree = "<group>"; };
		49EB507D1C1A0EC000B081B6 /* WeatherDataSource.swift */ = {isa = PBXFileReference; fileEncoding = 4; lastKnownFileType = sourcecode.swift; path = WeatherDataSource.swift; sourceTree = "<group>"; };
		49EB507F1C1A247600B081B6 /* WeatherStruct.swift */ = {isa = PBXFileReference; fileEncoding = 4; lastKnownFileType = sourcecode.swift; path = WeatherStruct.swift; sourceTree = "<group>"; };
		66091FB14979395574BD642F /* Pods-MyWeather.debug.xcconfig */ = {isa = PBXFileReference; includeInIndex = 1; lastKnownFileType = text.xcconfig; name = "Pods-MyWeather.debug.xcconfig"; path = "Pods/Target Support Files/Pods-MyWeather/Pods-MyWeather.debug.xcconfig"; sourceTree = "<group>"; };
		7E3DBFF1E75D32719554A667 /* Pods-MyWeather.release.xcconfig */ = {isa = PBXFileReference; includeInIndex = 1; lastKnownFileType = text.xcconfig; name = "Pods-MyWeather.release.xcconfig"; path = "Pods/Target Support Files/Pods-MyWeather/Pods-MyWeather.release.xcconfig"; sourceTree = "<group>"; };
		7EC8C0946C46487FCD5AED07 /* Pods_MyWeather.framework */ = {isa = PBXFileReference; explicitFileType = wrapper.framework; includeInIndex = 0; path = Pods_MyWeather.framework; sourceTree = BUILT_PRODUCTS_DIR; };
/* End PBXFileReference section */

/* Begin PBXFrameworksBuildPhase section */
		49EB505D1C19F70600B081B6 /* Frameworks */ = {
			isa = PBXFrameworksBuildPhase;
			buildActionMask = 2147483647;
			files = (
				49EB507B1C19F84C00B081B6 /* SwiftyJSON.framework in Frameworks */,
				49EB50791C19F84700B081B6 /* Alamofire.framework in Frameworks */,
				D62E560112EC7D5B592A811C /* Pods_MyWeather.framework in Frameworks */,
			);
			runOnlyForDeploymentPostprocessing = 0;
		};
/* End PBXFrameworksBuildPhase section */

/* Begin PBXGroup section */
		1E87D30935E64A12DCC7B9C4 /* Pods */ = {
			isa = PBXGroup;
			children = (
				66091FB14979395574BD642F /* Pods-MyWeather.debug.xcconfig */,
				7E3DBFF1E75D32719554A667 /* Pods-MyWeather.release.xcconfig */,
			);
			name = Pods;
			sourceTree = "<group>";
		};
		49EB50571C19F70600B081B6 = {
			isa = PBXGroup;
			children = (
				49EB50621C19F70600B081B6 /* MyWeather */,
				49EB50611C19F70600B081B6 /* Products */,
				1E87D30935E64A12DCC7B9C4 /* Pods */,
				9520B4D8E1F74C137E86218D /* Frameworks */,
			);
			sourceTree = "<group>";
		};
		49EB50611C19F70600B081B6 /* Products */ = {
			isa = PBXGroup;
			children = (
				49EB50601C19F70600B081B6 /* MyWeather.app */,
			);
			name = Products;
			sourceTree = "<group>";
		};
		49EB50621C19F70600B081B6 /* MyWeather */ = {
			isa = PBXGroup;
			children = (
				49EB50631C19F70600B081B6 /* AppDelegate.swift */,
				49EB50651C19F70600B081B6 /* ViewController.swift */,
				490505A31C1C797400EB34D3 /* WeatherViewController.swift */,
				49EB507D1C1A0EC000B081B6 /* WeatherDataSource.swift */,
				49EB507F1C1A247600B081B6 /* WeatherStruct.swift */,
				49EB50671C19F70700B081B6 /* Main.storyboard */,
				490505A51C1C849F00EB34D3 /* DrowingButton.swift */,
				49EB506D1C19F70800B081B6 /* Assets.xcassets */,
				49EB506F1C19F70800B081B6 /* LaunchScreen.storyboard */,
				49EB50721C19F70800B081B6 /* Info.plist */,
				49EB506A1C19F70700B081B6 /* MyWeather.xcdatamodeld */,
			);
			path = MyWeather;
			sourceTree = "<group>";
		};
		9520B4D8E1F74C137E86218D /* Frameworks */ = {
			isa = PBXGroup;
			children = (
				49EB507A1C19F84C00B081B6 /* SwiftyJSON.framework */,
				49EB50781C19F84700B081B6 /* Alamofire.framework */,
				7EC8C0946C46487FCD5AED07 /* Pods_MyWeather.framework */,
			);
			name = Frameworks;
			sourceTree = "<group>";
		};
/* End PBXGroup section */

/* Begin PBXNativeTarget section */
		49EB505F1C19F70600B081B6 /* MyWeather */ = {
			isa = PBXNativeTarget;
			buildConfigurationList = 49EB50751C19F70800B081B6 /* Build configuration list for PBXNativeTarget "MyWeather" */;
			buildPhases = (
				C5E937AFC50B61E9B176EDF7 /* Check Pods Manifest.lock */,
				49EB505C1C19F70600B081B6 /* Sources */,
				49EB505D1C19F70600B081B6 /* Frameworks */,
				49EB505E1C19F70600B081B6 /* Resources */,
				B7E87476A0F80490E8468FCD /* Embed Pods Frameworks */,
				EF710833589E9C99A6572B9F /* Copy Pods Resources */,
			);
			buildRules = (
			);
			dependencies = (
			);
			name = MyWeather;
			productName = MyWeather;
			productReference = 49EB50601C19F70600B081B6 /* MyWeather.app */;
			productType = "com.apple.product-type.application";
		};
/* End PBXNativeTarget section */

/* Begin PBXProject section */
		49EB50581C19F70600B081B6 /* Project object */ = {
			isa = PBXProject;
			attributes = {
				LastSwiftUpdateCheck = 0710;
				LastUpgradeCheck = 0710;
				ORGANIZATIONNAME = AndrewAgapov;
				TargetAttributes = {
					49EB505F1C19F70600B081B6 = {
						CreatedOnToolsVersion = 7.1;
						DevelopmentTeam = 69339GY5KN;
					};
				};
			};
			buildConfigurationList = 49EB505B1C19F70600B081B6 /* Build configuration list for PBXProject "MyWeather" */;
			compatibilityVersion = "Xcode 3.2";
			developmentRegion = English;
			hasScannedForEncodings = 0;
			knownRegions = (
				en,
				Base,
			);
			mainGroup = 49EB50571C19F70600B081B6;
			productRefGroup = 49EB50611C19F70600B081B6 /* Products */;
			projectDirPath = "";
			projectRoot = "";
			targets = (
				49EB505F1C19F70600B081B6 /* MyWeather */,
			);
		};
/* End PBXProject section */

/* Begin PBXResourcesBuildPhase section */
		49EB505E1C19F70600B081B6 /* Resources */ = {
			isa = PBXResourcesBuildPhase;
			buildActionMask = 2147483647;
			files = (
				49EB50711C19F70800B081B6 /* LaunchScreen.storyboard in Resources */,
				49EB506E1C19F70800B081B6 /* Assets.xcassets in Resources */,
				49EB50691C19F70700B081B6 /* Main.storyboard in Resources */,
			);
			runOnlyForDeploymentPostprocessing = 0;
		};
/* End PBXResourcesBuildPhase section */

/* Begin PBXShellScriptBuildPhase section */
		B7E87476A0F80490E8468FCD /* Embed Pods Frameworks */ = {
			isa = PBXShellScriptBuildPhase;
			buildActionMask = 2147483647;
			files = (
			);
			inputPaths = (
			);
			name = "Embed Pods Frameworks";
			outputPaths = (
			);
			runOnlyForDeploymentPostprocessing = 0;
			shellPath = /bin/sh;
			shellScript = "\"${SRCROOT}/Pods/Target Support Files/Pods-MyWeather/Pods-MyWeather-frameworks.sh\"\n";
			showEnvVarsInLog = 0;
		};
		C5E937AFC50B61E9B176EDF7 /* Check Pods Manifest.lock */ = {
			isa = PBXShellScriptBuildPhase;
			buildActionMask = 2147483647;
			files = (
			);
			inputPaths = (
			);
			name = "Check Pods Manifest.lock";
			outputPaths = (
			);
			runOnlyForDeploymentPostprocessing = 0;
			shellPath = /bin/sh;
			shellScript = "diff \"${PODS_ROOT}/../Podfile.lock\" \"${PODS_ROOT}/Manifest.lock\" > /dev/null\nif [[ $? != 0 ]] ; then\n    cat << EOM\nerror: The sandbox is not in sync with the Podfile.lock. Run 'pod install' or update your CocoaPods installation.\nEOM\n    exit 1\nfi\n";
			showEnvVarsInLog = 0;
		};
		EF710833589E9C99A6572B9F /* Copy Pods Resources */ = {
			isa = PBXShellScriptBuildPhase;
			buildActionMask = 2147483647;
			files = (
			);
			inputPaths = (
			);
			name = "Copy Pods Resources";
			outputPaths = (
			);
			runOnlyForDeploymentPostprocessing = 0;
			shellPath = /bin/sh;
			shellScript = "\"${SRCROOT}/Pods/Target Support Files/Pods-MyWeather/Pods-MyWeather-resources.sh\"\n";
			showEnvVarsInLog = 0;
		};
/* End PBXShellScriptBuildPhase section */

/* Begin PBXSourcesBuildPhase section */
		49EB505C1C19F70600B081B6 /* Sources */ = {
			isa = PBXSourcesBuildPhase;
			buildActionMask = 2147483647;
			files = (
				49EB50661C19F70600B081B6 /* ViewController.swift in Sources */,
				490505A41C1C797400EB34D3 /* WeatherViewController.swift in Sources */,
				49EB507E1C1A0EC000B081B6 /* WeatherDataSource.swift in Sources */,
				49EB50641C19F70600B081B6 /* AppDelegate.swift in Sources */,
				49EB50801C1A247700B081B6 /* WeatherStruct.swift in Sources */,
				49EB506C1C19F70700B081B6 /* MyWeather.xcdatamodeld in Sources */,
				490505A61C1C849F00EB34D3 /* DrowingButton.swift in Sources */,
			);
			runOnlyForDeploymentPostprocessing = 0;
		};
/* End PBXSourcesBuildPhase section */

/* Begin PBXVariantGroup section */
		49EB50671C19F70700B081B6 /* Main.storyboard */ = {
			isa = PBXVariantGroup;
			children = (
				49EB50681C19F70700B081B6 /* Base */,
			);
			name = Main.storyboard;
			sourceTree = "<group>";
		};
		49EB506F1C19F70800B081B6 /* LaunchScreen.storyboard */ = {
			isa = PBXVariantGroup;
			children = (
				49EB50701C19F70800B081B6 /* Base */,
			);
			name = LaunchScreen.storyboard;
			sourceTree = "<group>";
		};
/* End PBXVariantGroup section */

/* Begin XCBuildConfiguration section */
		49EB50731C19F70800B081B6 /* Debug */ = {
			isa = XCBuildConfiguration;
			buildSettings = {
				ALWAYS_SEARCH_USER_PATHS = NO;
				CLANG_CXX_LANGUAGE_STANDARD = "gnu++0x";
				CLANG_CXX_LIBRARY = "libc++";
				CLANG_ENABLE_MODULES = YES;
				CLANG_ENABLE_OBJC_ARC = YES;
				CLANG_WARN_BOOL_CONVERSION = YES;
				CLANG_WARN_CONSTANT_CONVERSION = YES;
				CLANG_WARN_DIRECT_OBJC_ISA_USAGE = YES_ERROR;
				CLANG_WARN_EMPTY_BODY = YES;
				CLANG_WARN_ENUM_CONVERSION = YES;
				CLANG_WARN_INT_CONVERSION = YES;
				CLANG_WARN_OBJC_ROOT_CLASS = YES_ERROR;
				CLANG_WARN_UNREACHABLE_CODE = YES;
				CLANG_WARN__DUPLICATE_METHOD_MATCH = YES;
				"CODE_SIGN_IDENTITY[sdk=iphoneos*]" = "iPhone Developer";
				COPY_PHASE_STRIP = NO;
				DEBUG_INFORMATION_FORMAT = dwarf;
				ENABLE_STRICT_OBJC_MSGSEND = YES;
				ENABLE_TESTABILITY = YES;
				GCC_C_LANGUAGE_STANDARD = gnu99;
				GCC_DYNAMIC_NO_PIC = NO;
				GCC_NO_COMMON_BLOCKS = YES;
				GCC_OPTIMIZATION_LEVEL = 0;
				GCC_PREPROCESSOR_DEFINITIONS = (
					"DEBUG=1",
					"$(inherited)",
				);
				GCC_WARN_64_TO_32_BIT_CONVERSION = YES;
				GCC_WARN_ABOUT_RETURN_TYPE = YES_ERROR;
				GCC_WARN_UNDECLARED_SELECTOR = YES;
				GCC_WARN_UNINITIALIZED_AUTOS = YES_AGGRESSIVE;
				GCC_WARN_UNUSED_FUNCTION = YES;
				GCC_WARN_UNUSED_VARIABLE = YES;
				IPHONEOS_DEPLOYMENT_TARGET = 9.1;
				MTL_ENABLE_DEBUG_INFO = YES;
				ONLY_ACTIVE_ARCH = YES;
				SDKROOT = iphoneos;
				SWIFT_OPTIMIZATION_LEVEL = "-Onone";
				TARGETED_DEVICE_FAMILY = "1,2";
			};
			name = Debug;
		};
		49EB50741C19F70800B081B6 /* Release */ = {
			isa = XCBuildConfiguration;
			buildSettings = {
				ALWAYS_SEARCH_USER_PATHS = NO;
				CLANG_CXX_LANGUAGE_STANDARD = "gnu++0x";
				CLANG_CXX_LIBRARY = "libc++";
				CLANG_ENABLE_MODULES = YES;
				CLANG_ENABLE_OBJC_ARC = YES;
				CLANG_WARN_BOOL_CONVERSION = YES;
				CLANG_WARN_CONSTANT_CONVERSION = YES;
				CLANG_WARN_DIRECT_OBJC_ISA_USAGE = YES_ERROR;
				CLANG_WARN_EMPTY_BODY = YES;
				CLANG_WARN_ENUM_CONVERSION = YES;
				CLANG_WARN_INT_CONVERSION = YES;
				CLANG_WARN_OBJC_ROOT_CLASS = YES_ERROR;
				CLANG_WARN_UNREACHABLE_CODE = YES;
				CLANG_WARN__DUPLICATE_METHOD_MATCH = YES;
				"CODE_SIGN_IDENTITY[sdk=iphoneos*]" = "iPhone Developer";
				COPY_PHASE_STRIP = NO;
				DEBUG_INFORMATION_FORMAT = "dwarf-with-dsym";
				ENABLE_NS_ASSERTIONS = NO;
				ENABLE_STRICT_OBJC_MSGSEND = YES;
				GCC_C_LANGUAGE_STANDARD = gnu99;
				GCC_NO_COMMON_BLOCKS = YES;
				GCC_WARN_64_TO_32_BIT_CONVERSION = YES;
				GCC_WARN_ABOUT_RETURN_TYPE = YES_ERROR;
				GCC_WARN_UNDECLARED_SELECTOR = YES;
				GCC_WARN_UNINITIALIZED_AUTOS = YES_AGGRESSIVE;
				GCC_WARN_UNUSED_FUNCTION = YES;
				GCC_WARN_UNUSED_VARIABLE = YES;
				IPHONEOS_DEPLOYMENT_TARGET = 9.1;
				MTL_ENABLE_DEBUG_INFO = NO;
				SDKROOT = iphoneos;
				TARGETED_DEVICE_FAMILY = "1,2";
				VALIDATE_PRODUCT = YES;
			};
			name = Release;
		};
		49EB50761C19F70800B081B6 /* Debug */ = {
			isa = XCBuildConfiguration;
			baseConfigurationReference = 66091FB14979395574BD642F /* Pods-MyWeather.debug.xcconfig */;
			buildSettings = {
				ASSETCATALOG_COMPILER_APPICON_NAME = AppIcon;
				CODE_SIGN_IDENTITY = "iPhone Developer";
				FRAMEWORK_SEARCH_PATHS = (
					"$(inherited)",
					"$(PROJECT_DIR)/build/Debug-iphoneos",
				);
				INFOPLIST_FILE = MyWeather/Info.plist;
				LD_RUNPATH_SEARCH_PATHS = "$(inherited) @executable_path/Frameworks";
				PRODUCT_BUNDLE_IDENTIFIER = AGAPOV.MyWeather;
				PRODUCT_NAME = "$(TARGET_NAME)";
			};
			name = Debug;
		};
		49EB50771C19F70800B081B6 /* Release */ = {
			isa = XCBuildConfiguration;
			baseConfigurationReference = 7E3DBFF1E75D32719554A667 /* Pods-MyWeather.release.xcconfig */;
			buildSettings = {
				ASSETCATALOG_COMPILER_APPICON_NAME = AppIcon;
				CODE_SIGN_IDENTITY = "iPhone Developer";
				FRAMEWORK_SEARCH_PATHS = (
					"$(inherited)",
					"$(PROJECT_DIR)/build/Debug-iphoneos",
				);
				INFOPLIST_FILE = MyWeather/Info.plist;
				LD_RUNPATH_SEARCH_PATHS = "$(inherited) @executable_path/Frameworks";
				PRODUCT_BUNDLE_IDENTIFIER = AGAPOV.MyWeather;
				PRODUCT_NAME = "$(TARGET_NAME)";
			};
			name = Release;
		};
/* End XCBuildConfiguration section */

/* Begin XCConfigurationList section */
		49EB505B1C19F70600B081B6 /* Build configuration list for PBXProject "MyWeather" */ = {
			isa = XCConfigurationList;
			buildConfigurations = (
				49EB50731C19F70800B081B6 /* Debug */,
				49EB50741C19F70800B081B6 /* Release */,
			);
			defaultConfigurationIsVisible = 0;
			defaultConfigurationName = Release;
		};
		49EB50751C19F70800B081B6 /* Build configuration list for PBXNativeTarget "MyWeather" */ = {
			isa = XCConfigurationList;
			buildConfigurations = (
				49EB50761C19F70800B081B6 /* Debug */,
				49EB50771C19F70800B081B6 /* Release */,
			);
			defaultConfigurationIsVisible = 0;
			defaultConfigurationName = Release;
		};
/* End XCConfigurationList section */

/* Begin XCVersionGroup section */
		49EB506A1C19F70700B081B6 /* MyWeather.xcdatamodeld */ = {
			isa = XCVersionGroup;
			children = (
				49EB506B1C19F70700B081B6 /* MyWeather.xcdatamodel */,
			);
			currentVersion = 49EB506B1C19F70700B081B6 /* MyWeather.xcdatamodel */;
			path = MyWeather.xcdatamodeld;
			sourceTree = "<group>";
			versionGroupType = wrapper.xcdatamodel;
		};
/* End XCVersionGroup section */
	};
	rootObject = 49EB50581C19F70600B081B6 /* Project object */;
}
